<?xml version="1.0" encoding="utf-8"?>
<Project ToolsVersion="4.0" xmlns="http://schemas.microsoft.com/developer/msbuild/2003">
  <ItemGroup>
    <Filter Include="Source Files">
      <UniqueIdentifier>{4FC737F1-C7A5-4376-A066-2A32D752A2FF}</UniqueIdentifier>
      <Extensions>cpp;c;cc;cxx;def;odl;idl;hpj;bat;asm;asmx</Extensions>
    </Filter>
    <Filter Include="Header Files">
      <UniqueIdentifier>{93995380-89BD-4b04-88EB-625FBE52EBFB}</UniqueIdentifier>
      <Extensions>h;hh;hpp;hxx;hm;inl;inc;xsd</Extensions>
    </Filter>
    <Filter Include="Resource Files">
      <UniqueIdentifier>{67DA6AB6-F800-4c08-8B7A-83BB121AAD01}</UniqueIdentifier>
      <Extensions>rc;ico;cur;bmp;dlg;rc2;rct;bin;rgs;gif;jpg;jpeg;jpe;resx;tiff;tif;png;wav;mfcribbon-ms</Extensions>
    </Filter>
  </ItemGroup>
  <ItemGroup>
    <Text Include="ReadMe.txt" />
  </ItemGroup>
  <ItemGroup>
    <ClInclude Include="stdafx.h">
      <Filter>Header Files</Filter>
    </ClInclude>
    <ClInclude Include="targetver.h">
      <Filter>Header Files</Filter>
    </ClInclude>
    <ClInclude Include="Header.h">
      <Filter>Header Files</Filter>
    </ClInclude>
    <ClInclude Include="global_variables.h">
      <Filter>Header Files</Filter>
    </ClInclude>
    <ClInclude Include="function_define.h">
      <Filter>Header Files</Filter>
    </ClInclude>
    <ClInclude Include="main_variables.h">
      <Filter>Header Files</Filter>
    </ClInclude>
    <ClInclude Include="structs.h">
      <Filter>Header Files</Filter>
    </ClInclude>
  </ItemGroup>
  <ItemGroup>
    <ClCompile Include="stdafx.cpp">
      <Filter>Source Files</Filter>
    </ClCompile>
    <ClCompile Include="color.cpp">
      <Filter>Source Files</Filter>
    </ClCompile>
    <ClCompile Include="login.cpp">
      <Filter>Source Files</Filter>
    </ClCompile>
    <ClCompile Include="main.cpp">
      <Filter>Source Files</Filter>
    </ClCompile>
    <ClCompile Include="setup.cpp">
      <Filter>Source Files</Filter>
    </ClCompile>
    <ClCompile Include="date_and_time.cpp">
      <Filter>Source Files</Filter>
    </ClCompile>
    <ClCompile Include="edit_inputs.cpp">
      <Filter>Source Files</Filter>
    </ClCompile>
    <ClCompile Include="product_input.cpp">
      <Filter>Source Files</Filter>
    </ClCompile>
    <ClCompile Include="add_inventry.cpp">
      <Filter>Source Files</Filter>
    </ClCompile>
    <ClCompile Include="save_and_upates.cpp">
      <Filter>Source Files</Filter>
    </ClCompile>
    <ClCompile Include="clean.cpp">
      <Filter>Source Files</Filter>
    </ClCompile>
    <ClCompile Include="clean_bill.cpp">
      <Filter>Source Files</Filter>
    </ClCompile>
    <ClCompile Include="bill_creat.cpp">
      <Filter>Source Files</Filter>
    </ClCompile>
    <ClCompile Include="edit_inventry.cpp">
      <Filter>Source Files</Filter>
    </ClCompile>
    <ClCompile Include="sale_product.cpp">
      <Filter>Source Files</Filter>
    </ClCompile>
    <ClCompile Include="copy.cpp">
      <Filter>Source Files</Filter>
    </ClCompile>
    <ClCompile Include="id_create.cpp">
      <Filter>Source Files</Filter>
    </ClCompile>
    <ClCompile Include="read.cpp">
      <Filter>Source Files</Filter>
    </ClCompile>
    <ClCompile Include="read_bill.cpp">
      <Filter>Source Files</Filter>
    </ClCompile>
    <ClCompile Include="edit_search.cpp">
      <Filter>Source Files</Filter>
    </ClCompile>
    <ClCompile Include="save_sales.cpp">
      <Filter>Source Files</Filter>
    </ClCompile>
    <ClCompile Include="save_bill.cpp">
      <Filter>Source Files</Filter>
    </ClCompile>
    <ClCompile Include="search_bill_by_number_and_date.cpp">
      <Filter>Source Files</Filter>
    </ClCompile>
    <ClCompile Include="show_bill.cpp">
      <Filter>Source Files</Filter>
    </ClCompile>
    <ClCompile Include="show_inventry.cpp">
      <Filter>Source Files</Filter>
    </ClCompile>
  </ItemGroup>
</Project>